// !$*UTF8*$!
{
	archiveVersion = 1;
	classes = {
	};
	objectVersion = 77;
	objects = {

/* Begin PBXBuildFile section */
		74A24FAD2E1D5063009273D5 /* ContentView.swift in Sources */ = {isa = PBXBuildFile; fileRef = 74A24FA72E1D5063009273D5 /* ContentView.swift */; };
		74A24FAE2E1D5063009273D5 /* BillingSystemV1App.swift in Sources */ = {isa = PBXBuildFile; fileRef = 74A24FAB2E1D5063009273D5 /* BillingSystemV1App.swift */; };
		74A24FAF2E1D5063009273D5 /* Preview Assets.xcassets in Resources */ = {isa = PBXBuildFile; fileRef = 74A24FA42E1D5063009273D5 /* Preview Assets.xcassets */; };
		74A24FB02E1D5063009273D5 /* Assets.xcassets in Resources */ = {isa = PBXBuildFile; fileRef = 74A24FA92E1D5063009273D5 /* Assets.xcassets */; };
		74A24FB22E1D50FA009273D5 /* Sidebar.swift in Sources */ = {isa = PBXBuildFile; fileRef = 74A24FB12E1D50F5009273D5 /* Sidebar.swift */; };
		74A24FB42E1D5109009273D5 /* SettingPage.swift in Sources */ = {isa = PBXBuildFile; fileRef = 74A24FB32E1D5101009273D5 /* SettingPage.swift */; };
		74A24FB62E1D5120009273D5 /* StatisticPage.swift in Sources */ = {isa = PBXBuildFile; fileRef = 74A24FB52E1D511A009273D5 /* StatisticPage.swift */; };
		74A24FB82E1D512E009273D5 /* RootView.swift in Sources */ = {isa = PBXBuildFile; fileRef = 74A24FB72E1D512A009273D5 /* RootView.swift */; };
		74A24FBA2E1D513C009273D5 /* Item.swift in Sources */ = {isa = PBXBuildFile; fileRef = 74A24FB92E1D513A009273D5 /* Item.swift */; };
/* End PBXBuildFile section */

/* Begin PBXContainerItemProxy section */
		74A24F582E172D86009273D5 /* PBXContainerItemProxy */ = {
			isa = PBXContainerItemProxy;
			containerPortal = 74A24F3E2E172D85009273D5 /* Project object */;
			proxyType = 1;
			remoteGlobalIDString = 74A24F452E172D85009273D5;
			remoteInfo = BillingSystemV1;
		};
		74A24F622E172D86009273D5 /* PBXContainerItemProxy */ = {
			isa = PBXContainerItemProxy;
			containerPortal = 74A24F3E2E172D85009273D5 /* Project object */;
			proxyType = 1;
			remoteGlobalIDString = 74A24F452E172D85009273D5;
			remoteInfo = BillingSystemV1;
		};
/* End PBXContainerItemProxy section */

/* Begin PBXFileReference section */
		74A24F462E172D85009273D5 /* BillingSystemV1.app */ = {isa = PBXFileReference; explicitFileType = wrapper.application; includeInIndex = 0; path = BillingSystemV1.app; sourceTree = BUILT_PRODUCTS_DIR; };
		74A24F572E172D86009273D5 /* BillingSystemV1Tests.xctest */ = {isa = PBXFileReference; explicitFileType = wrapper.cfbundle; includeInIndex = 0; path = BillingSystemV1Tests.xctest; sourceTree = BUILT_PRODUCTS_DIR; };
		74A24F612E172D86009273D5 /* BillingSystemV1UITests.xctest */ = {isa = PBXFileReference; explicitFileType = wrapper.cfbundle; includeInIndex = 0; path = BillingSystemV1UITests.xctest; sourceTree = BUILT_PRODUCTS_DIR; };
		74A24FA42E1D5063009273D5 /* Preview Assets.xcassets */ = {isa = PBXFileReference; lastKnownFileType = folder.assetcatalog; path = "Preview Assets.xcassets"; sourceTree = "<group>"; };
		74A24FA72E1D5063009273D5 /* ContentView.swift */ = {isa = PBXFileReference; lastKnownFileType = sourcecode.swift; path = ContentView.swift; sourceTree = "<group>"; };
		74A24FA92E1D5063009273D5 /* Assets.xcassets */ = {isa = PBXFileReference; lastKnownFileType = folder.assetcatalog; path = Assets.xcassets; sourceTree = "<group>"; };
		74A24FAA2E1D5063009273D5 /* BillingSystemV1.entitlements */ = {isa = PBXFileReference; lastKnownFileType = text.plist.entitlements; path = BillingSystemV1.entitlements; sourceTree = "<group>"; };
		74A24FAB2E1D5063009273D5 /* BillingSystemV1App.swift */ = {isa = PBXFileReference; lastKnownFileType = sourcecode.swift; path = BillingSystemV1App.swift; sourceTree = "<group>"; };
		74A24FB12E1D50F5009273D5 /* Sidebar.swift */ = {isa = PBXFileReference; lastKnownFileType = sourcecode.swift; path = Sidebar.swift; sourceTree = "<group>"; };
		74A24FB32E1D5101009273D5 /* SettingPage.swift */ = {isa = PBXFileReference; lastKnownFileType = sourcecode.swift; path = SettingPage.swift; sourceTree = "<group>"; };
		74A24FB52E1D511A009273D5 /* StatisticPage.swift */ = {isa = PBXFileReference; lastKnownFileType = sourcecode.swift; path = StatisticPage.swift; sourceTree = "<group>"; };
		74A24FB72E1D512A009273D5 /* RootView.swift */ = {isa = PBXFileReference; lastKnownFileType = sourcecode.swift; path = RootView.swift; sourceTree = "<group>"; };
		74A24FB92E1D513A009273D5 /* Item.swift */ = {isa = PBXFileReference; lastKnownFileType = sourcecode.swift; path = Item.swift; sourceTree = "<group>"; };
/* End PBXFileReference section */

/* Begin PBXFileSystemSynchronizedRootGroup section */
		74A24F5A2E172D86009273D5 /* BillingSystemV1Tests */ = {
			isa = PBXFileSystemSynchronizedRootGroup;
			path = BillingSystemV1Tests;
			sourceTree = "<group>";
		};
		74A24F642E172D86009273D5 /* BillingSystemV1UITests */ = {
			isa = PBXFileSystemSynchronizedRootGroup;
			path = BillingSystemV1UITests;
			sourceTree = "<group>";
		};
		74A24FC52E1D5CD9009273D5 /* img */ = {
			isa = PBXFileSystemSynchronizedRootGroup;
			path = img;
			sourceTree = "<group>";
		};
/* End PBXFileSystemSynchronizedRootGroup section */

/* Begin PBXFrameworksBuildPhase section */
		74A24F432E172D85009273D5 /* Frameworks */ = {
			isa = PBXFrameworksBuildPhase;
			buildActionMask = 2147483647;
			files = (
			);
			runOnlyForDeploymentPostprocessing = 0;
		};
		74A24F542E172D86009273D5 /* Frameworks */ = {
			isa = PBXFrameworksBuildPhase;
			buildActionMask = 2147483647;
			files = (
			);
			runOnlyForDeploymentPostprocessing = 0;
		};
		74A24F5E2E172D86009273D5 /* Frameworks */ = {
			isa = PBXFrameworksBuildPhase;
			buildActionMask = 2147483647;
			files = (
			);
			runOnlyForDeploymentPostprocessing = 0;
		};
/* End PBXFrameworksBuildPhase section */

/* Begin PBXGroup section */
		74A24F3D2E172D85009273D5 = {
			isa = PBXGroup;
			children = (
				74A24FAC2E1D5063009273D5 /* BillingSystemV1 */,
				74A24F5A2E172D86009273D5 /* BillingSystemV1Tests */,
				74A24F642E172D86009273D5 /* BillingSystemV1UITests */,
				74A24F472E172D85009273D5 /* Products */,
			);
			sourceTree = "<group>";
		};
		74A24F472E172D85009273D5 /* Products */ = {
			isa = PBXGroup;
			children = (
				74A24F462E172D85009273D5 /* BillingSystemV1.app */,
				74A24F572E172D86009273D5 /* BillingSystemV1Tests.xctest */,
				74A24F612E172D86009273D5 /* BillingSystemV1UITests.xctest */,
			);
			name = Products;
			sourceTree = "<group>";
		};
		74A24FA32E1D5063009273D5 /* Models */ = {
			isa = PBXGroup;
			children = (
				74A24FB92E1D513A009273D5 /* Item.swift */,
			);
			path = Models;
			sourceTree = "<group>";
		};
		74A24FA52E1D5063009273D5 /* Preview Content */ = {
			isa = PBXGroup;
			children = (
				74A24FA42E1D5063009273D5 /* Preview Assets.xcassets */,
			);
			path = "Preview Content";
			sourceTree = "<group>";
		};
		74A24FA62E1D5063009273D5 /* Root */ = {
			isa = PBXGroup;
			children = (
				74A24FB72E1D512A009273D5 /* RootView.swift */,
			);
			path = Root;
			sourceTree = "<group>";
		};
		74A24FA82E1D5063009273D5 /* View */ = {
			isa = PBXGroup;
			children = (
				74A24FB52E1D511A009273D5 /* StatisticPage.swift */,
				74A24FB32E1D5101009273D5 /* SettingPage.swift */,
				74A24FB12E1D50F5009273D5 /* Sidebar.swift */,
				74A24FA72E1D5063009273D5 /* ContentView.swift */,
				74A24FC52E1D5CD9009273D5 /* img */,
			);
			path = View;
			sourceTree = "<group>";
		};
		74A24FAC2E1D5063009273D5 /* BillingSystemV1 */ = {
			isa = PBXGroup;
			children = (
				74A24FA32E1D5063009273D5 /* Models */,
				74A24FA52E1D5063009273D5 /* Preview Content */,
				74A24FA62E1D5063009273D5 /* Root */,
				74A24FA82E1D5063009273D5 /* View */,
				74A24FA92E1D5063009273D5 /* Assets.xcassets */,
				74A24FAA2E1D5063009273D5 /* BillingSystemV1.entitlements */,
				74A24FAB2E1D5063009273D5 /* BillingSystemV1App.swift */,
			);
			path = BillingSystemV1;
			sourceTree = "<group>";
		};
/* End PBXGroup section */

/* Begin PBXNativeTarget section */
		74A24F452E172D85009273D5 /* BillingSystemV1 */ = {
			isa = PBXNativeTarget;
			buildConfigurationList = 74A24F6B2E172D86009273D5 /* Build configuration list for PBXNativeTarget "BillingSystemV1" */;
			buildPhases = (
				74A24F422E172D85009273D5 /* Sources */,
				74A24F432E172D85009273D5 /* Frameworks */,
				74A24F442E172D85009273D5 /* Resources */,
			);
			buildRules = (
			);
			dependencies = (
			);
			fileSystemSynchronizedGroups = (
				74A24FC52E1D5CD9009273D5 /* img */,
			);
			name = BillingSystemV1;
			packageProductDependencies = (
			);
			productName = BillingSystemV1;
			productReference = 74A24F462E172D85009273D5 /* BillingSystemV1.app */;
			productType = "com.apple.product-type.application";
		};
		74A24F562E172D86009273D5 /* BillingSystemV1Tests */ = {
			isa = PBXNativeTarget;
			buildConfigurationList = 74A24F6E2E172D86009273D5 /* Build configuration list for PBXNativeTarget "BillingSystemV1Tests" */;
			buildPhases = (
				74A24F532E172D86009273D5 /* Sources */,
				74A24F542E172D86009273D5 /* Frameworks */,
				74A24F552E172D86009273D5 /* Resources */,
			);
			buildRules = (
			);
			dependencies = (
				74A24F592E172D86009273D5 /* PBXTargetDependency */,
			);
			fileSystemSynchronizedGroups = (
				74A24F5A2E172D86009273D5 /* BillingSystemV1Tests */,
			);
			name = BillingSystemV1Tests;
			packageProductDependencies = (
			);
			productName = BillingSystemV1Tests;
			productReference = 74A24F572E172D86009273D5 /* BillingSystemV1Tests.xctest */;
			productType = "com.apple.product-type.bundle.unit-test";
		};
		74A24F602E172D86009273D5 /* BillingSystemV1UITests */ = {
			isa = PBXNativeTarget;
			buildConfigurationList = 74A24F712E172D86009273D5 /* Build configuration list for PBXNativeTarget "BillingSystemV1UITests" */;
			buildPhases = (
				74A24F5D2E172D86009273D5 /* Sources */,
				74A24F5E2E172D86009273D5 /* Frameworks */,
				74A24F5F2E172D86009273D5 /* Resources */,
			);
			buildRules = (
			);
			dependencies = (
				74A24F632E172D86009273D5 /* PBXTargetDependency */,
			);
			fileSystemSynchronizedGroups = (
				74A24F642E172D86009273D5 /* BillingSystemV1UITests */,
			);
			name = BillingSystemV1UITests;
			packageProductDependencies = (
			);
			productName = BillingSystemV1UITests;
			productReference = 74A24F612E172D86009273D5 /* BillingSystemV1UITests.xctest */;
			productType = "com.apple.product-type.bundle.ui-testing";
		};
/* End PBXNativeTarget section */

/* Begin PBXProject section */
		74A24F3E2E172D85009273D5 /* Project object */ = {
			isa = PBXProject;
			attributes = {
				BuildIndependentTargetsInParallel = 1;
				LastSwiftUpdateCheck = 1610;
				LastUpgradeCheck = 1610;
				TargetAttributes = {
					74A24F452E172D85009273D5 = {
						CreatedOnToolsVersion = 16.1;
					};
					74A24F562E172D86009273D5 = {
						CreatedOnToolsVersion = 16.1;
						TestTargetID = 74A24F452E172D85009273D5;
					};
					74A24F602E172D86009273D5 = {
						CreatedOnToolsVersion = 16.1;
						TestTargetID = 74A24F452E172D85009273D5;
					};
				};
			};
			buildConfigurationList = 74A24F412E172D85009273D5 /* Build configuration list for PBXProject "BillingSystemV1" */;
			developmentRegion = en;
			hasScannedForEncodings = 0;
			knownRegions = (
				en,
				Base,
			);
			mainGroup = 74A24F3D2E172D85009273D5;
			minimizedProjectReferenceProxies = 1;
			preferredProjectObjectVersion = 77;
			productRefGroup = 74A24F472E172D85009273D5 /* Products */;
			projectDirPath = "";
			projectRoot = "";
			targets = (
				74A24F452E172D85009273D5 /* BillingSystemV1 */,
				74A24F562E172D86009273D5 /* BillingSystemV1Tests */,
				74A24F602E172D86009273D5 /* BillingSystemV1UITests */,
			);
		};
/* End PBXProject section */

/* Begin PBXResourcesBuildPhase section */
		74A24F442E172D85009273D5 /* Resources */ = {
			isa = PBXResourcesBuildPhase;
			buildActionMask = 2147483647;
			files = (
				74A24FAF2E1D5063009273D5 /* Preview Assets.xcassets in Resources */,
				74A24FB02E1D5063009273D5 /* Assets.xcassets in Resources */,
			);
			runOnlyForDeploymentPostprocessing = 0;
		};
		74A24F552E172D86009273D5 /* Resources */ = {
			isa = PBXResourcesBuildPhase;
			buildActionMask = 2147483647;
			files = (
			);
			runOnlyForDeploymentPostprocessing = 0;
		};
		74A24F5F2E172D86009273D5 /* Resources */ = {
			isa = PBXResourcesBuildPhase;
			buildActionMask = 2147483647;
			files = (
			);
			runOnlyForDeploymentPostprocessing = 0;
		};
/* End PBXResourcesBuildPhase section */

/* Begin PBXSourcesBuildPhase section */
		74A24F422E172D85009273D5 /* Sources */ = {
			isa = PBXSourcesBuildPhase;
			buildActionMask = 2147483647;
			files = (
				74A24FAD2E1D5063009273D5 /* ContentView.swift in Sources */,
				74A24FB22E1D50FA009273D5 /* Sidebar.swift in Sources */,
				74A24FB82E1D512E009273D5 /* RootView.swift in Sources */,
				74A24FB62E1D5120009273D5 /* StatisticPage.swift in Sources */,
				74A24FBA2E1D513C009273D5 /* Item.swift in Sources */,
				74A24FAE2E1D5063009273D5 /* BillingSystemV1App.swift in Sources */,
				74A24FB42E1D5109009273D5 /* SettingPage.swift in Sources */,
			);
			runOnlyForDeploymentPostprocessing = 0;
		};
		74A24F532E172D86009273D5 /* Sources */ = {
			isa = PBXSourcesBuildPhase;
			buildActionMask = 2147483647;
			files = (
			);
			runOnlyForDeploymentPostprocessing = 0;
		};
		74A24F5D2E172D86009273D5 /* Sources */ = {
			isa = PBXSourcesBuildPhase;
			buildActionMask = 2147483647;
			files = (
			);
			runOnlyForDeploymentPostprocessing = 0;
		};
/* End PBXSourcesBuildPhase section */

/* Begin PBXTargetDependency section */
		74A24F592E172D86009273D5 /* PBXTargetDependency */ = {
			isa = PBXTargetDependency;
			target = 74A24F452E172D85009273D5 /* BillingSystemV1 */;
			targetProxy = 74A24F582E172D86009273D5 /* PBXContainerItemProxy */;
		};
		74A24F632E172D86009273D5 /* PBXTargetDependency */ = {
			isa = PBXTargetDependency;
			target = 74A24F452E172D85009273D5 /* BillingSystemV1 */;
			targetProxy = 74A24F622E172D86009273D5 /* PBXContainerItemProxy */;
		};
/* End PBXTargetDependency section */

/* Begin XCBuildConfiguration section */
		74A24F692E172D86009273D5 /* Debug */ = {
			isa = XCBuildConfiguration;
			buildSettings = {
				ALWAYS_SEARCH_USER_PATHS = NO;
				ASSETCATALOG_COMPILER_GENERATE_SWIFT_ASSET_SYMBOL_EXTENSIONS = YES;
				CLANG_ANALYZER_NONNULL = YES;
				CLANG_ANALYZER_NUMBER_OBJECT_CONVERSION = YES_AGGRESSIVE;
				CLANG_CXX_LANGUAGE_STANDARD = "gnu++20";
				CLANG_ENABLE_MODULES = YES;
				CLANG_ENABLE_OBJC_ARC = YES;
				CLANG_ENABLE_OBJC_WEAK = YES;
				CLANG_WARN_BLOCK_CAPTURE_AUTORELEASING = YES;
				CLANG_WARN_BOOL_CONVERSION = YES;
				CLANG_WARN_COMMA = YES;
				CLANG_WARN_CONSTANT_CONVERSION = YES;
				CLANG_WARN_DEPRECATED_OBJC_IMPLEMENTATIONS = YES;
				CLANG_WARN_DIRECT_OBJC_ISA_USAGE = YES_ERROR;
				CLANG_WARN_DOCUMENTATION_COMMENTS = YES;
				CLANG_WARN_EMPTY_BODY = YES;
				CLANG_WARN_ENUM_CONVERSION = YES;
				CLANG_WARN_INFINITE_RECURSION = YES;
				CLANG_WARN_INT_CONVERSION = YES;
				CLANG_WARN_NON_LITERAL_NULL_CONVERSION = YES;
				CLANG_WARN_OBJC_IMPLICIT_RETAIN_SELF = YES;
				CLANG_WARN_OBJC_LITERAL_CONVERSION = YES;
				CLANG_WARN_OBJC_ROOT_CLASS = YES_ERROR;
				CLANG_WARN_QUOTED_INCLUDE_IN_FRAMEWORK_HEADER = YES;
				CLANG_WARN_RANGE_LOOP_ANALYSIS = YES;
				CLANG_WARN_STRICT_PROTOTYPES = YES;
				CLANG_WARN_SUSPICIOUS_MOVE = YES;
				CLANG_WARN_UNGUARDED_AVAILABILITY = YES_AGGRESSIVE;
				CLANG_WARN_UNREACHABLE_CODE = YES;
				CLANG_WARN__DUPLICATE_METHOD_MATCH = YES;
				COPY_PHASE_STRIP = NO;
				DEBUG_INFORMATION_FORMAT = dwarf;
				ENABLE_STRICT_OBJC_MSGSEND = YES;
				ENABLE_TESTABILITY = YES;
				ENABLE_USER_SCRIPT_SANDBOXING = YES;
				GCC_C_LANGUAGE_STANDARD = gnu17;
				GCC_DYNAMIC_NO_PIC = NO;
				GCC_NO_COMMON_BLOCKS = YES;
				GCC_OPTIMIZATION_LEVEL = 0;
				GCC_PREPROCESSOR_DEFINITIONS = (
					"DEBUG=1",
					"$(inherited)",
				);
				GCC_WARN_64_TO_32_BIT_CONVERSION = YES;
				GCC_WARN_ABOUT_RETURN_TYPE = YES_ERROR;
				GCC_WARN_UNDECLARED_SELECTOR = YES;
				GCC_WARN_UNINITIALIZED_AUTOS = YES_AGGRESSIVE;
				GCC_WARN_UNUSED_FUNCTION = YES;
				GCC_WARN_UNUSED_VARIABLE = YES;
				LOCALIZATION_PREFERS_STRING_CATALOGS = YES;
				MACOSX_DEPLOYMENT_TARGET = 14.5;
				MTL_ENABLE_DEBUG_INFO = INCLUDE_SOURCE;
				MTL_FAST_MATH = YES;
				ONLY_ACTIVE_ARCH = YES;
				SDKROOT = macosx;
				SWIFT_ACTIVE_COMPILATION_CONDITIONS = "DEBUG $(inherited)";
				SWIFT_OPTIMIZATION_LEVEL = "-Onone";
			};
			name = Debug;
		};
		74A24F6A2E172D86009273D5 /* Release */ = {
			isa = XCBuildConfiguration;
			buildSettings = {
				ALWAYS_SEARCH_USER_PATHS = NO;
				ASSETCATALOG_COMPILER_GENERATE_SWIFT_ASSET_SYMBOL_EXTENSIONS = YES;
				CLANG_ANALYZER_NONNULL = YES;
				CLANG_ANALYZER_NUMBER_OBJECT_CONVERSION = YES_AGGRESSIVE;
				CLANG_CXX_LANGUAGE_STANDARD = "gnu++20";
				CLANG_ENABLE_MODULES = YES;
				CLANG_ENABLE_OBJC_ARC = YES;
				CLANG_ENABLE_OBJC_WEAK = YES;
				CLANG_WARN_BLOCK_CAPTURE_AUTORELEASING = YES;
				CLANG_WARN_BOOL_CONVERSION = YES;
				CLANG_WARN_COMMA = YES;
				CLANG_WARN_CONSTANT_CONVERSION = YES;
				CLANG_WARN_DEPRECATED_OBJC_IMPLEMENTATIONS = YES;
				CLANG_WARN_DIRECT_OBJC_ISA_USAGE = YES_ERROR;
				CLANG_WARN_DOCUMENTATION_COMMENTS = YES;
				CLANG_WARN_EMPTY_BODY = YES;
				CLANG_WARN_ENUM_CONVERSION = YES;
				CLANG_WARN_INFINITE_RECURSION = YES;
				CLANG_WARN_INT_CONVERSION = YES;
				CLANG_WARN_NON_LITERAL_NULL_CONVERSION = YES;
				CLANG_WARN_OBJC_IMPLICIT_RETAIN_SELF = YES;
				CLANG_WARN_OBJC_LITERAL_CONVERSION = YES;
				CLANG_WARN_OBJC_ROOT_CLASS = YES_ERROR;
				CLANG_WARN_QUOTED_INCLUDE_IN_FRAMEWORK_HEADER = YES;
				CLANG_WARN_RANGE_LOOP_ANALYSIS = YES;
				CLANG_WARN_STRICT_PROTOTYPES = YES;
				CLANG_WARN_SUSPICIOUS_MOVE = YES;
				CLANG_WARN_UNGUARDED_AVAILABILITY = YES_AGGRESSIVE;
				CLANG_WARN_UNREACHABLE_CODE = YES;
				CLANG_WARN__DUPLICATE_METHOD_MATCH = YES;
				COPY_PHASE_STRIP = NO;
				DEBUG_INFORMATION_FORMAT = "dwarf-with-dsym";
				ENABLE_NS_ASSERTIONS = NO;
				ENABLE_STRICT_OBJC_MSGSEND = YES;
				ENABLE_USER_SCRIPT_SANDBOXING = YES;
				GCC_C_LANGUAGE_STANDARD = gnu17;
				GCC_NO_COMMON_BLOCKS = YES;
				GCC_WARN_64_TO_32_BIT_CONVERSION = YES;
				GCC_WARN_ABOUT_RETURN_TYPE = YES_ERROR;
				GCC_WARN_UNDECLARED_SELECTOR = YES;
				GCC_WARN_UNINITIALIZED_AUTOS = YES_AGGRESSIVE;
				GCC_WARN_UNUSED_FUNCTION = YES;
				GCC_WARN_UNUSED_VARIABLE = YES;
				LOCALIZATION_PREFERS_STRING_CATALOGS = YES;
				MACOSX_DEPLOYMENT_TARGET = 14.5;
				MTL_ENABLE_DEBUG_INFO = NO;
				MTL_FAST_MATH = YES;
				SDKROOT = macosx;
				SWIFT_COMPILATION_MODE = wholemodule;
			};
			name = Release;
		};
		74A24F6C2E172D86009273D5 /* Debug */ = {
			isa = XCBuildConfiguration;
			buildSettings = {
				ASSETCATALOG_COMPILER_APPICON_NAME = AppIcon;
				ASSETCATALOG_COMPILER_GLOBAL_ACCENT_COLOR_NAME = AccentColor;
				CODE_SIGN_ENTITLEMENTS = BillingSystemV1/BillingSystemV1.entitlements;
				CODE_SIGN_STYLE = Automatic;
				COMBINE_HIDPI_IMAGES = YES;
				CURRENT_PROJECT_VERSION = 1;
				DEVELOPMENT_ASSET_PATHS = "\"BillingSystemV1/Preview Content\"";
				ENABLE_PREVIEWS = YES;
				GENERATE_INFOPLIST_FILE = YES;
				INFOPLIST_KEY_NSHumanReadableCopyright = "";
				LD_RUNPATH_SEARCH_PATHS = (
					"$(inherited)",
					"@executable_path/../Frameworks",
				);
				MARKETING_VERSION = 1.0;
				PRODUCT_BUNDLE_IDENTIFIER = krewo.BillingSystemV1;
				PRODUCT_NAME = "$(TARGET_NAME)";
				SWIFT_EMIT_LOC_STRINGS = YES;
				SWIFT_VERSION = 5.0;
			};
			name = Debug;
		};
		74A24F6D2E172D86009273D5 /* Release */ = {
			isa = XCBuildConfiguration;
			buildSettings = {
				ASSETCATALOG_COMPILER_APPICON_NAME = AppIcon;
				ASSETCATALOG_COMPILER_GLOBAL_ACCENT_COLOR_NAME = AccentColor;
				CODE_SIGN_ENTITLEMENTS = BillingSystemV1/BillingSystemV1.entitlements;
				CODE_SIGN_STYLE = Automatic;
				COMBINE_HIDPI_IMAGES = YES;
				CURRENT_PROJECT_VERSION = 1;
				DEVELOPMENT_ASSET_PATHS = "\"BillingSystemV1/Preview Content\"";
				ENABLE_PREVIEWS = YES;
				GENERATE_INFOPLIST_FILE = YES;
				INFOPLIST_KEY_NSHumanReadableCopyright = "";
				LD_RUNPATH_SEARCH_PATHS = (
					"$(inherited)",
					"@executable_path/../Frameworks",
				);
				MARKETING_VERSION = 1.0;
				PRODUCT_BUNDLE_IDENTIFIER = krewo.BillingSystemV1;
				PRODUCT_NAME = "$(TARGET_NAME)";
				SWIFT_EMIT_LOC_STRINGS = YES;
				SWIFT_VERSION = 5.0;
			};
			name = Release;
		};
		74A24F6F2E172D86009273D5 /* Debug */ = {
			isa = XCBuildConfiguration;
			buildSettings = {
				BUNDLE_LOADER = "$(TEST_HOST)";
				CODE_SIGN_STYLE = Automatic;
				CURRENT_PROJECT_VERSION = 1;
				GENERATE_INFOPLIST_FILE = YES;
				MACOSX_DEPLOYMENT_TARGET = 14.5;
				MARKETING_VERSION = 1.0;
				PRODUCT_BUNDLE_IDENTIFIER = krewo.BillingSystemV1Tests;
				PRODUCT_NAME = "$(TARGET_NAME)";
				SWIFT_EMIT_LOC_STRINGS = NO;
				SWIFT_VERSION = 5.0;
				TEST_HOST = "$(BUILT_PRODUCTS_DIR)/BillingSystemV1.app/$(BUNDLE_EXECUTABLE_FOLDER_PATH)/BillingSystemV1";
			};
			name = Debug;
		};
		74A24F702E172D86009273D5 /* Release */ = {
			isa = XCBuildConfiguration;
			buildSettings = {
				BUNDLE_LOADER = "$(TEST_HOST)";
				CODE_SIGN_STYLE = Automatic;
				CURRENT_PROJECT_VERSION = 1;
				GENERATE_INFOPLIST_FILE = YES;
				MACOSX_DEPLOYMENT_TARGET = 14.5;
				MARKETING_VERSION = 1.0;
				PRODUCT_BUNDLE_IDENTIFIER = krewo.BillingSystemV1Tests;
				PRODUCT_NAME = "$(TARGET_NAME)";
				SWIFT_EMIT_LOC_STRINGS = NO;
				SWIFT_VERSION = 5.0;
				TEST_HOST = "$(BUILT_PRODUCTS_DIR)/BillingSystemV1.app/$(BUNDLE_EXECUTABLE_FOLDER_PATH)/BillingSystemV1";
			};
			name = Release;
		};
		74A24F722E172D86009273D5 /* Debug */ = {
			isa = XCBuildConfiguration;
			buildSettings = {
				CODE_SIGN_STYLE = Automatic;
				CURRENT_PROJECT_VERSION = 1;
				GENERATE_INFOPLIST_FILE = YES;
				MARKETING_VERSION = 1.0;
				PRODUCT_BUNDLE_IDENTIFIER = krewo.BillingSystemV1UITests;
				PRODUCT_NAME = "$(TARGET_NAME)";
				SWIFT_EMIT_LOC_STRINGS = NO;
				SWIFT_VERSION = 5.0;
				TEST_TARGET_NAME = BillingSystemV1;
			};
			name = Debug;
		};
		74A24F732E172D86009273D5 /* Release */ = {
			isa = XCBuildConfiguration;
			buildSettings = {
				CODE_SIGN_STYLE = Automatic;
				CURRENT_PROJECT_VERSION = 1;
				GENERATE_INFOPLIST_FILE = YES;
				MARKETING_VERSION = 1.0;
				PRODUCT_BUNDLE_IDENTIFIER = krewo.BillingSystemV1UITests;
				PRODUCT_NAME = "$(TARGET_NAME)";
				SWIFT_EMIT_LOC_STRINGS = NO;
				SWIFT_VERSION = 5.0;
				TEST_TARGET_NAME = BillingSystemV1;
			};
			name = Release;
		};
/* End XCBuildConfiguration section */

/* Begin XCConfigurationList section */
		74A24F412E172D85009273D5 /* Build configuration list for PBXProject "BillingSystemV1" */ = {
			isa = XCConfigurationList;
			buildConfigurations = (
				74A24F692E172D86009273D5 /* Debug */,
				74A24F6A2E172D86009273D5 /* Release */,
			);
			defaultConfigurationIsVisible = 0;
			defaultConfigurationName = Release;
		};
		74A24F6B2E172D86009273D5 /* Build configuration list for PBXNativeTarget "BillingSystemV1" */ = {
			isa = XCConfigurationList;
			buildConfigurations = (
				74A24F6C2E172D86009273D5 /* Debug */,
				74A24F6D2E172D86009273D5 /* Release */,
			);
			defaultConfigurationIsVisible = 0;
			defaultConfigurationName = Release;
		};
		74A24F6E2E172D86009273D5 /* Build configuration list for PBXNativeTarget "BillingSystemV1Tests" */ = {
			isa = XCConfigurationList;
			buildConfigurations = (
				74A24F6F2E172D86009273D5 /* Debug */,
				74A24F702E172D86009273D5 /* Release */,
			);
			defaultConfigurationIsVisible = 0;
			defaultConfigurationName = Release;
		};
		74A24F712E172D86009273D5 /* Build configuration list for PBXNativeTarget "BillingSystemV1UITests" */ = {
			isa = XCConfigurationList;
			buildConfigurations = (
				74A24F722E172D86009273D5 /* Debug */,
				74A24F732E172D86009273D5 /* Release */,
			);
			defaultConfigurationIsVisible = 0;
			defaultConfigurationName = Release;
		};
/* End XCConfigurationList section */
	};
	rootObject = 74A24F3E2E172D85009273D5 /* Project object */;
}
